<Solution>
  <Folder Name="/SourceGenerator/">
    <Project Path="src/Iridium.SourceGenerators/Iridium.SourceGenerators.csproj" />
  </Folder>
  <Folder Name="/test/">
    <Project Path="src/Iridium.Sample/Iridium.Sample.csproj" />
  </Folder>
  <Folder Name="/extension/">
    <Project Path="src/Iridium.Extension/Iridium.Extension.csproj" />
  </Folder>
  <Project Path="src/Iridium/Iridium.csproj" />
</Solution>
